<?xml version="1.0" encoding="utf-8"?>
<Project ToolsVersion="4.0" xmlns="http://schemas.microsoft.com/developer/msbuild/2003">
  <ItemGroup>
    <Filter Include="Source Files">
      <UniqueIdentifier>{4FC737F1-C7A5-4376-A066-2A32D752A2FF}</UniqueIdentifier>
      <Extensions>cpp;c;cc;cxx;c++;cppm;ixx;def;odl;idl;hpj;bat;asm;asmx</Extensions>
    </Filter>
    <Filter Include="Header Files">
      <UniqueIdentifier>{93995380-89BD-4b04-88EB-625FBE52EBFB}</UniqueIdentifier>
      <Extensions>h;hh;hpp;hxx;h++;hm;inl;inc;ipp;xsd</Extensions>
    </Filter>
    <Filter Include="Resource Files">
      <UniqueIdentifier>{67DA6AB6-F800-4c08-8B7A-83BB121AAD01}</UniqueIdentifier>
      <Extensions>rc;ico;cur;bmp;dlg;rc2;rct;bin;rgs;gif;jpg;jpeg;jpe;resx;tiff;tif;png;wav;mfcribbon-ms</Extensions>
    </Filter>
    <Filter Include="Source Files\Directors">
      <UniqueIdentifier>{d8035e42-2713-4cf3-a269-e563c9de19f2}</UniqueIdentifier>
    </Filter>
  </ItemGroup>
  <ItemGroup>
    <ClInclude Include="include\cIGZApp.h">
      <Filter>Header Files</Filter>
    </ClInclude>
    <ClInclude Include="include\cIGZCmdLine.h">
      <Filter>Header Files</Filter>
    </ClInclude>
    <ClInclude Include="include\cIGZCOM.h">
      <Filter>Header Files</Filter>
    </ClInclude>
    <ClInclude Include="include\cIGZCOMDirector.h">
      <Filter>Header Files</Filter>
    </ClInclude>
    <ClInclude Include="include\cIGZFrameWork.h">
      <Filter>Header Files</Filter>
    </ClInclude>
    <ClInclude Include="include\cIGZFrameWorkHooks.h">
      <Filter>Header Files</Filter>
    </ClInclude>
    <ClInclude Include="include\cIGZMessageServer.h">
      <Filter>Header Files</Filter>
    </ClInclude>
    <ClInclude Include="include\cIGZString.h">
      <Filter>Header Files</Filter>
    </ClInclude>
    <ClInclude Include="include\cIGZSystemService.h">
      <Filter>Header Files</Filter>
    </ClInclude>
    <ClInclude Include="include\cIGZUnknown.h">
      <Filter>Header Files</Filter>
    </ClInclude>
    <ClInclude Include="include\cIGZUnknownList.h">
      <Filter>Header Files</Filter>
    </ClInclude>
    <ClInclude Include="include\cRZBaseString.h">
      <Filter>Header Files</Filter>
    </ClInclude>
    <ClInclude Include="include\cRZAutoRefCount.h">
      <Filter>Header Files</Filter>
    </ClInclude>
    <ClInclude Include="include\cRZCOMDllDirector.h">
      <Filter>Header Files</Filter>
    </ClInclude>
    <ClInclude Include="include\cISC3App.h">
      <Filter>Header Files</Filter>
    </ClInclude>
    <ClInclude Include="include\cRZSysServPtr.h">
      <Filter>Header Files</Filter>
    </ClInclude>
    <ClInclude Include="include\GZServDecls.h">
      <Filter>Header Files</Filter>
    </ClInclude>
    <ClInclude Include="include\GZServPtrs.h">
      <Filter>Header Files</Filter>
    </ClInclude>
    <ClInclude Include="include\cRZMessageCOMDirector.h">
      <Filter>Header Files</Filter>
    </ClInclude>
    <ClInclude Include="include\cIGZMessageTarget.h">
      <Filter>Header Files</Filter>
    </ClInclude>
    <ClInclude Include="include\cGZMessage.h">
      <Filter>Header Files</Filter>
    </ClInclude>
    <ClInclude Include="include\cIGZCheatCodeManager.h">
      <Filter>Header Files</Filter>
    </ClInclude>
    <ClInclude Include="include\cIGZRegistry.h">
      <Filter>Header Files</Filter>
    </ClInclude>
    <ClInclude Include="include\cIGZFileSystem.h">
      <Filter>Header Files</Filter>
    </ClInclude>
    <ClInclude Include="include\cISC3CityDefinition.h">
      <Filter>Header Files</Filter>
    </ClInclude>
    <ClInclude Include="include\cISC3CitySchemeMgr.h">
      <Filter>Header Files</Filter>
    </ClInclude>
    <ClInclude Include="include\cISC3PluginBuildingMgr.h">
      <Filter>Header Files</Filter>
    </ClInclude>
    <ClInclude Include="include\cISC3AgentTypeTree.h">
      <Filter>Header Files</Filter>
    </ClInclude>
    <ClInclude Include="include\cISC3OccupantAttribCache.h">
      <Filter>Header Files</Filter>
    </ClInclude>
    <ClInclude Include="include\cISC3City.h">
      <Filter>Header Files</Filter>
    </ClInclude>
    <ClInclude Include="include\cGZResourceKey.h">
      <Filter>Header Files</Filter>
    </ClInclude>
    <ClInclude Include="include\cISC3Internet.h">
      <Filter>Header Files</Filter>
    </ClInclude>
    <ClInclude Include="include\cIGZRadio.h">
      <Filter>Header Files</Filter>
    </ClInclude>
    <ClInclude Include="include\cIGZRadioStation.h">
      <Filter>Header Files</Filter>
    </ClInclude>
    <ClInclude Include="include\cIGZLanguageManager.h">
      <Filter>Header Files</Filter>
    </ClInclude>
    <ClInclude Include="include\cIGZLanguageUtility.h">
      <Filter>Header Files</Filter>
    </ClInclude>
    <ClInclude Include="include\cIGZUnknownEnumerator.h">
      <Filter>Header Files</Filter>
    </ClInclude>
    <ClInclude Include="include\cISC3BudgetLayer.h">
      <Filter>Header Files</Filter>
    </ClInclude>
    <ClInclude Include="include\cISC3AppPreferences.h">
      <Filter>Header Files</Filter>
    </ClInclude>
    <ClInclude Include="include\cIGZResourceManager.h">
      <Filter>Header Files</Filter>
    </ClInclude>
    <ClInclude Include="include\cISC3ValveLayer.h">
      <Filter>Header Files</Filter>
    </ClInclude>
    <ClInclude Include="include\cISC3Valve.h">
      <Filter>Header Files</Filter>
    </ClInclude>
  </ItemGroup>
  <ItemGroup>
    <ClCompile Include="src\cRZBaseString.cpp">
      <Filter>Source Files</Filter>
    </ClCompile>
    <ClCompile Include="src\cRZCOMDllDirector.cpp">
      <Filter>Source Files</Filter>
    </ClCompile>
    <ClCompile Include="src\Directors\DumpCheatCodeDllDirector.cpp">
      <Filter>Source Files\Directors</Filter>
    </ClCompile>
  </ItemGroup>
</Project>